
Microsoft Visual Studio Solution File, Format Version 12.00
# Visual Studio Version 16
VisualStudioVersion = 16.0.29911.84
MinimumVisualStudioVersion = 10.0.40219.1
Project("{FAE04EC0-301F-11D3-BF4B-00C04F79EFBC}") = "OddEvenBotApp", "OddEvenBotApp\OddEvenBotApp.csproj", "{AF99797A-D8D4-4DED-B839-0DA6CC72DEFF}"
EndProject
Global
	GlobalSection(SolutionConfigurationPlatforms) = preSolution
		Debug|Any CPU = Debug|Any CPU
		Release|Any CPU = Release|Any CPU
	EndGlobalSection
	GlobalSection(ProjectConfigurationPlatforms) = postSolution
		{AF99797A-D8D4-4DED-B839-0DA6CC72DEFF}.Debug|Any CPU.ActiveCfg = Debug|Any CPU
		{AF99797A-D8D4-4DED-B839-0DA6CC72DEFF}.Debug|Any CPU.Build.0 = Debug|Any CPU
		{AF99797A-D8D4-4DED-B839-0DA6CC72DEFF}.Release|Any CPU.ActiveCfg = Release|Any CPU
		{AF99797A-D8D4-4DED-B839-0DA6CC72DEFF}.Release|Any CPU.Build.0 = Release|Any CPU
	EndGlobalSection
	GlobalSection(SolutionProperties) = preSolution
		HideSolutionNode = FALSE
	EndGlobalSection
	GlobalSection(ExtensibilityGlobals) = postSolution
		SolutionGuid = {2A888359-EF9F-4FE6-B901-545912F72E70}
	EndGlobalSection
EndGlobal
